// !$*UTF8*$!
{
	archiveVersion = 1;
	classes = {
	};
	objectVersion = 50;
	objects = {

/* Begin PBXBuildFile section */
		961BD12E207E99AF00D7CF2A /* Child.swift in Sources */ = {isa = PBXBuildFile; fileRef = 961BD12D207E99AF00D7CF2A /* Child.swift */; };
		9659A663207E8837004948A1 /* AppDelegate.swift in Sources */ = {isa = PBXBuildFile; fileRef = 9659A662207E8837004948A1 /* AppDelegate.swift */; };
		9659A665207E8837004948A1 /* ViewController.swift in Sources */ = {isa = PBXBuildFile; fileRef = 9659A664207E8837004948A1 /* ViewController.swift */; };
		9659A668207E8837004948A1 /* Main.storyboard in Resources */ = {isa = PBXBuildFile; fileRef = 9659A666207E8837004948A1 /* Main.storyboard */; };
		9659A66A207E8838004948A1 /* Assets.xcassets in Resources */ = {isa = PBXBuildFile; fileRef = 9659A669207E8838004948A1 /* Assets.xcassets */; };
		9659A66D207E8838004948A1 /* LaunchScreen.storyboard in Resources */ = {isa = PBXBuildFile; fileRef = 9659A66B207E8838004948A1 /* LaunchScreen.storyboard */; };
		9BA43BAFC335967AE2C1B29E /* Pods_Paid4Chores.framework in Frameworks */ = {isa = PBXBuildFile; fileRef = 71B6D443EAA4B2FEE8411CB5 /* Pods_Paid4Chores.framework */; };
/* End PBXBuildFile section */

/* Begin PBXFileReference section */
		00EB1F15002328E0C0387613 /* Pods-Paid4Chores.debug.xcconfig */ = {isa = PBXFileReference; includeInIndex = 1; lastKnownFileType = text.xcconfig; name = "Pods-Paid4Chores.debug.xcconfig"; path = "Pods/Target Support Files/Pods-Paid4Chores/Pods-Paid4Chores.debug.xcconfig"; sourceTree = "<group>"; };
		71B6D443EAA4B2FEE8411CB5 /* Pods_Paid4Chores.framework */ = {isa = PBXFileReference; explicitFileType = wrapper.framework; includeInIndex = 0; path = Pods_Paid4Chores.framework; sourceTree = BUILT_PRODUCTS_DIR; };
		961BD12D207E99AF00D7CF2A /* Child.swift */ = {isa = PBXFileReference; lastKnownFileType = sourcecode.swift; path = Child.swift; sourceTree = "<group>"; };
		9659A65F207E8837004948A1 /* Paid4Chores.app */ = {isa = PBXFileReference; explicitFileType = wrapper.application; includeInIndex = 0; path = Paid4Chores.app; sourceTree = BUILT_PRODUCTS_DIR; };
		9659A662207E8837004948A1 /* AppDelegate.swift */ = {isa = PBXFileReference; lastKnownFileType = sourcecode.swift; path = AppDelegate.swift; sourceTree = "<group>"; };
		9659A664207E8837004948A1 /* ViewController.swift */ = {isa = PBXFileReference; lastKnownFileType = sourcecode.swift; path = ViewController.swift; sourceTree = "<group>"; };
		9659A667207E8837004948A1 /* Base */ = {isa = PBXFileReference; lastKnownFileType = file.storyboard; name = Base; path = Base.lproj/Main.storyboard; sourceTree = "<group>"; };
		9659A669207E8838004948A1 /* Assets.xcassets */ = {isa = PBXFileReference; lastKnownFileType = folder.assetcatalog; path = Assets.xcassets; sourceTree = "<group>"; };
		9659A66C207E8838004948A1 /* Base */ = {isa = PBXFileReference; lastKnownFileType = file.storyboard; name = Base; path = Base.lproj/LaunchScreen.storyboard; sourceTree = "<group>"; };
		9659A66E207E8838004948A1 /* Info.plist */ = {isa = PBXFileReference; lastKnownFileType = text.plist.xml; path = Info.plist; sourceTree = "<group>"; };
		C2D72049AFB02B215A0D4F5F /* Pods-Paid4Chores.release.xcconfig */ = {isa = PBXFileReference; includeInIndex = 1; lastKnownFileType = text.xcconfig; name = "Pods-Paid4Chores.release.xcconfig"; path = "Pods/Target Support Files/Pods-Paid4Chores/Pods-Paid4Chores.release.xcconfig"; sourceTree = "<group>"; };
/* End PBXFileReference section */

/* Begin PBXFrameworksBuildPhase section */
		9659A65C207E8837004948A1 /* Frameworks */ = {
			isa = PBXFrameworksBuildPhase;
			buildActionMask = 2147483647;
			files = (
				9BA43BAFC335967AE2C1B29E /* Pods_Paid4Chores.framework in Frameworks */,
			);
			runOnlyForDeploymentPostprocessing = 0;
		};
/* End PBXFrameworksBuildPhase section */

/* Begin PBXGroup section */
		5C7B0B8C83AF010C99FEF721 /* Pods */ = {
			isa = PBXGroup;
			children = (
				00EB1F15002328E0C0387613 /* Pods-Paid4Chores.debug.xcconfig */,
				C2D72049AFB02B215A0D4F5F /* Pods-Paid4Chores.release.xcconfig */,
			);
			name = Pods;
			sourceTree = "<group>";
		};
		9659A656207E8837004948A1 = {
			isa = PBXGroup;
			children = (
				9659A661207E8837004948A1 /* Paid4Chores */,
				9659A660207E8837004948A1 /* Products */,
				5C7B0B8C83AF010C99FEF721 /* Pods */,
				C7D1474A6EC47B24ABB9304E /* Frameworks */,
			);
			sourceTree = "<group>";
		};
		9659A660207E8837004948A1 /* Products */ = {
			isa = PBXGroup;
			children = (
				9659A65F207E8837004948A1 /* Paid4Chores.app */,
			);
			name = Products;
			sourceTree = "<group>";
		};
		9659A661207E8837004948A1 /* Paid4Chores */ = {
			isa = PBXGroup;
			children = (
				9659A669207E8838004948A1 /* Assets.xcassets */,
				9659A66E207E8838004948A1 /* Info.plist */,
				9659A674207E88FE004948A1 /* Models */,
				9659A675207E8906004948A1 /* Views */,
				9659A676207E890E004948A1 /* Controllers */,
			);
			path = Paid4Chores;
			sourceTree = "<group>";
		};
		9659A674207E88FE004948A1 /* Models */ = {
			isa = PBXGroup;
			children = (
				961BD12D207E99AF00D7CF2A /* Child.swift */,
			);
			path = Models;
			sourceTree = "<group>";
		};
		9659A675207E8906004948A1 /* Views */ = {
			isa = PBXGroup;
			children = (
				9659A66B207E8838004948A1 /* LaunchScreen.storyboard */,
				9659A666207E8837004948A1 /* Main.storyboard */,
			);
			path = Views;
			sourceTree = "<group>";
		};
		9659A676207E890E004948A1 /* Controllers */ = {
			isa = PBXGroup;
			children = (
				9659A662207E8837004948A1 /* AppDelegate.swift */,
				9659A664207E8837004948A1 /* ViewController.swift */,
			);
			path = Controllers;
			sourceTree = "<group>";
		};
		C7D1474A6EC47B24ABB9304E /* Frameworks */ = {
			isa = PBXGroup;
			children = (
				71B6D443EAA4B2FEE8411CB5 /* Pods_Paid4Chores.framework */,
			);
			name = Frameworks;
			sourceTree = "<group>";
		};
/* End PBXGroup section */

/* Begin PBXNativeTarget section */
		9659A65E207E8837004948A1 /* Paid4Chores */ = {
			isa = PBXNativeTarget;
			buildConfigurationList = 9659A671207E8838004948A1 /* Build configuration list for PBXNativeTarget "Paid4Chores" */;
			buildPhases = (
				B2B67427169D1DB3A41AA2E1 /* [CP] Check Pods Manifest.lock */,
				9659A65B207E8837004948A1 /* Sources */,
				9659A65C207E8837004948A1 /* Frameworks */,
				9659A65D207E8837004948A1 /* Resources */,
				86D3F1E3E6E1F12D62740B0F /* [CP] Embed Pods Frameworks */,
			);
			buildRules = (
			);
			dependencies = (
			);
			name = Paid4Chores;
			productName = Paid4Chores;
			productReference = 9659A65F207E8837004948A1 /* Paid4Chores.app */;
			productType = "com.apple.product-type.application";
		};
/* End PBXNativeTarget section */

/* Begin PBXProject section */
		9659A657207E8837004948A1 /* Project object */ = {
			isa = PBXProject;
			attributes = {
				LastSwiftUpdateCheck = 0930;
				LastUpgradeCheck = 0930;
				ORGANIZATIONNAME = "Jason Mitchell";
				TargetAttributes = {
					9659A65E207E8837004948A1 = {
						CreatedOnToolsVersion = 9.3;
					};
				};
			};
			buildConfigurationList = 9659A65A207E8837004948A1 /* Build configuration list for PBXProject "Paid4Chores" */;
			compatibilityVersion = "Xcode 9.3";
			developmentRegion = en;
			hasScannedForEncodings = 0;
			knownRegions = (
				en,
				Base,
			);
			mainGroup = 9659A656207E8837004948A1;
			productRefGroup = 9659A660207E8837004948A1 /* Products */;
			projectDirPath = "";
			projectRoot = "";
			targets = (
				9659A65E207E8837004948A1 /* Paid4Chores */,
			);
		};
/* End PBXProject section */

/* Begin PBXResourcesBuildPhase section */
		9659A65D207E8837004948A1 /* Resources */ = {
			isa = PBXResourcesBuildPhase;
			buildActionMask = 2147483647;
			files = (
				9659A66D207E8838004948A1 /* LaunchScreen.storyboard in Resources */,
				9659A66A207E8838004948A1 /* Assets.xcassets in Resources */,
				9659A668207E8837004948A1 /* Main.storyboard in Resources */,
			);
			runOnlyForDeploymentPostprocessing = 0;
		};
/* End PBXResourcesBuildPhase section */

/* Begin PBXShellScriptBuildPhase section */
		86D3F1E3E6E1F12D62740B0F /* [CP] Embed Pods Frameworks */ = {
			isa = PBXShellScriptBuildPhase;
			buildActionMask = 2147483647;
			files = (
			);
			inputPaths = (
				"${SRCROOT}/Pods/Target Support Files/Pods-Paid4Chores/Pods-Paid4Chores-frameworks.sh",
				"${BUILT_PRODUCTS_DIR}/Realm/Realm.framework",
				"${BUILT_PRODUCTS_DIR}/RealmSwift/RealmSwift.framework",
			);
			name = "[CP] Embed Pods Frameworks";
			outputPaths = (
				"${TARGET_BUILD_DIR}/${FRAMEWORKS_FOLDER_PATH}/Realm.framework",
				"${TARGET_BUILD_DIR}/${FRAMEWORKS_FOLDER_PATH}/RealmSwift.framework",
			);
			runOnlyForDeploymentPostprocessing = 0;
			shellPath = /bin/sh;
			shellScript = "\"${SRCROOT}/Pods/Target Support Files/Pods-Paid4Chores/Pods-Paid4Chores-frameworks.sh\"\n";
			showEnvVarsInLog = 0;
		};
		B2B67427169D1DB3A41AA2E1 /* [CP] Check Pods Manifest.lock */ = {
			isa = PBXShellScriptBuildPhase;
			buildActionMask = 2147483647;
			files = (
			);
			inputPaths = (
				"${PODS_PODFILE_DIR_PATH}/Podfile.lock",
				"${PODS_ROOT}/Manifest.lock",
			);
			name = "[CP] Check Pods Manifest.lock";
			outputPaths = (
				"$(DERIVED_FILE_DIR)/Pods-Paid4Chores-checkManifestLockResult.txt",
			);
			runOnlyForDeploymentPostprocessing = 0;
			shellPath = /bin/sh;
			shellScript = "diff \"${PODS_PODFILE_DIR_PATH}/Podfile.lock\" \"${PODS_ROOT}/Manifest.lock\" > /dev/null\nif [ $? != 0 ] ; then\n    # print error to STDERR\n    echo \"error: The sandbox is not in sync with the Podfile.lock. Run 'pod install' or update your CocoaPods installation.\" >&2\n    exit 1\nfi\n# This output is used by Xcode 'outputs' to avoid re-running this script phase.\necho \"SUCCESS\" > \"${SCRIPT_OUTPUT_FILE_0}\"\n";
			showEnvVarsInLog = 0;
		};
/* End PBXShellScriptBuildPhase section */

/* Begin PBXSourcesBuildPhase section */
		9659A65B207E8837004948A1 /* Sources */ = {
			isa = PBXSourcesBuildPhase;
			buildActionMask = 2147483647;
			files = (
				9659A665207E8837004948A1 /* ViewController.swift in Sources */,
				9659A663207E8837004948A1 /* AppDelegate.swift in Sources */,
				961BD12E207E99AF00D7CF2A /* Child.swift in Sources */,
			);
			runOnlyForDeploymentPostprocessing = 0;
		};
/* End PBXSourcesBuildPhase section */

/* Begin PBXVariantGroup section */
		9659A666207E8837004948A1 /* Main.storyboard */ = {
			isa = PBXVariantGroup;
			children = (
				9659A667207E8837004948A1 /* Base */,
			);
			name = Main.storyboard;
			sourceTree = "<group>";
		};
		9659A66B207E8838004948A1 /* LaunchScreen.storyboard */ = {
			isa = PBXVariantGroup;
			children = (
				9659A66C207E8838004948A1 /* Base */,
			);
			name = LaunchScreen.storyboard;
			sourceTree = "<group>";
		};
/* End PBXVariantGroup section */

/* Begin XCBuildConfiguration section */
		9659A66F207E8838004948A1 /* Debug */ = {
			isa = XCBuildConfiguration;
			buildSettings = {
				ALWAYS_SEARCH_USER_PATHS = NO;
				CLANG_ANALYZER_NONNULL = YES;
				CLANG_ANALYZER_NUMBER_OBJECT_CONVERSION = YES_AGGRESSIVE;
				CLANG_CXX_LANGUAGE_STANDARD = "gnu++14";
				CLANG_CXX_LIBRARY = "libc++";
				CLANG_ENABLE_MODULES = YES;
				CLANG_ENABLE_OBJC_ARC = YES;
				CLANG_ENABLE_OBJC_WEAK = YES;
				CLANG_WARN_BLOCK_CAPTURE_AUTORELEASING = YES;
				CLANG_WARN_BOOL_CONVERSION = YES;
				CLANG_WARN_COMMA = YES;
				CLANG_WARN_CONSTANT_CONVERSION = YES;
				CLANG_WARN_DEPRECATED_OBJC_IMPLEMENTATIONS = YES;
				CLANG_WARN_DIRECT_OBJC_ISA_USAGE = YES_ERROR;
				CLANG_WARN_DOCUMENTATION_COMMENTS = YES;
				CLANG_WARN_EMPTY_BODY = YES;
				CLANG_WARN_ENUM_CONVERSION = YES;
				CLANG_WARN_INFINITE_RECURSION = YES;
				CLANG_WARN_INT_CONVERSION = YES;
				CLANG_WARN_NON_LITERAL_NULL_CONVERSION = YES;
				CLANG_WARN_OBJC_IMPLICIT_RETAIN_SELF = YES;
				CLANG_WARN_OBJC_LITERAL_CONVERSION = YES;
				CLANG_WARN_OBJC_ROOT_CLASS = YES_ERROR;
				CLANG_WARN_RANGE_LOOP_ANALYSIS = YES;
				CLANG_WARN_STRICT_PROTOTYPES = YES;
				CLANG_WARN_SUSPICIOUS_MOVE = YES;
				CLANG_WARN_UNGUARDED_AVAILABILITY = YES_AGGRESSIVE;
				CLANG_WARN_UNREACHABLE_CODE = YES;
				CLANG_WARN__DUPLICATE_METHOD_MATCH = YES;
				CODE_SIGN_IDENTITY = "iPhone Developer";
				COPY_PHASE_STRIP = NO;
				DEBUG_INFORMATION_FORMAT = dwarf;
				ENABLE_STRICT_OBJC_MSGSEND = YES;
				ENABLE_TESTABILITY = YES;
				GCC_C_LANGUAGE_STANDARD = gnu11;
				GCC_DYNAMIC_NO_PIC = NO;
				GCC_NO_COMMON_BLOCKS = YES;
				GCC_OPTIMIZATION_LEVEL = 0;
				GCC_PREPROCESSOR_DEFINITIONS = (
					"DEBUG=1",
					"$(inherited)",
				);
				GCC_WARN_64_TO_32_BIT_CONVERSION = YES;
				GCC_WARN_ABOUT_RETURN_TYPE = YES_ERROR;
				GCC_WARN_UNDECLARED_SELECTOR = YES;
				GCC_WARN_UNINITIALIZED_AUTOS = YES_AGGRESSIVE;
				GCC_WARN_UNUSED_FUNCTION = YES;
				GCC_WARN_UNUSED_VARIABLE = YES;
				IPHONEOS_DEPLOYMENT_TARGET = 11.3;
				MTL_ENABLE_DEBUG_INFO = YES;
				ONLY_ACTIVE_ARCH = YES;
				SDKROOT = iphoneos;
				SWIFT_ACTIVE_COMPILATION_CONDITIONS = DEBUG;
				SWIFT_OPTIMIZATION_LEVEL = "-Onone";
			};
			name = Debug;
		};
		9659A670207E8838004948A1 /* Release */ = {
			isa = XCBuildConfiguration;
			buildSettings = {
				ALWAYS_SEARCH_USER_PATHS = NO;
				CLANG_ANALYZER_NONNULL = YES;
				CLANG_ANALYZER_NUMBER_OBJECT_CONVERSION = YES_AGGRESSIVE;
				CLANG_CXX_LANGUAGE_STANDARD = "gnu++14";
				CLANG_CXX_LIBRARY = "libc++";
				CLANG_ENABLE_MODULES = YES;
				CLANG_ENABLE_OBJC_ARC = YES;
				CLANG_ENABLE_OBJC_WEAK = YES;
				CLANG_WARN_BLOCK_CAPTURE_AUTORELEASING = YES;
				CLANG_WARN_BOOL_CONVERSION = YES;
				CLANG_WARN_COMMA = YES;
				CLANG_WARN_CONSTANT_CONVERSION = YES;
				CLANG_WARN_DEPRECATED_OBJC_IMPLEMENTATIONS = YES;
				CLANG_WARN_DIRECT_OBJC_ISA_USAGE = YES_ERROR;
				CLANG_WARN_DOCUMENTATION_COMMENTS = YES;
				CLANG_WARN_EMPTY_BODY = YES;
				CLANG_WARN_ENUM_CONVERSION = YES;
				CLANG_WARN_INFINITE_RECURSION = YES;
				CLANG_WARN_INT_CONVERSION = YES;
				CLANG_WARN_NON_LITERAL_NULL_CONVERSION = YES;
				CLANG_WARN_OBJC_IMPLICIT_RETAIN_SELF = YES;
				CLANG_WARN_OBJC_LITERAL_CONVERSION = YES;
				CLANG_WARN_OBJC_ROOT_CLASS = YES_ERROR;
				CLANG_WARN_RANGE_LOOP_ANALYSIS = YES;
				CLANG_WARN_STRICT_PROTOTYPES = YES;
				CLANG_WARN_SUSPICIOUS_MOVE = YES;
				CLANG_WARN_UNGUARDED_AVAILABILITY = YES_AGGRESSIVE;
				CLANG_WARN_UNREACHABLE_CODE = YES;
				CLANG_WARN__DUPLICATE_METHOD_MATCH = YES;
				CODE_SIGN_IDENTITY = "iPhone Developer";
				COPY_PHASE_STRIP = NO;
				DEBUG_INFORMATION_FORMAT = "dwarf-with-dsym";
				ENABLE_NS_ASSERTIONS = NO;
				ENABLE_STRICT_OBJC_MSGSEND = YES;
				GCC_C_LANGUAGE_STANDARD = gnu11;
				GCC_NO_COMMON_BLOCKS = YES;
				GCC_WARN_64_TO_32_BIT_CONVERSION = YES;
				GCC_WARN_ABOUT_RETURN_TYPE = YES_ERROR;
				GCC_WARN_UNDECLARED_SELECTOR = YES;
				GCC_WARN_UNINITIALIZED_AUTOS = YES_AGGRESSIVE;
				GCC_WARN_UNUSED_FUNCTION = YES;
				GCC_WARN_UNUSED_VARIABLE = YES;
				IPHONEOS_DEPLOYMENT_TARGET = 11.3;
				MTL_ENABLE_DEBUG_INFO = NO;
				SDKROOT = iphoneos;
				SWIFT_COMPILATION_MODE = wholemodule;
				SWIFT_OPTIMIZATION_LEVEL = "-O";
				VALIDATE_PRODUCT = YES;
			};
			name = Release;
		};
		9659A672207E8838004948A1 /* Debug */ = {
			isa = XCBuildConfiguration;
			baseConfigurationReference = 00EB1F15002328E0C0387613 /* Pods-Paid4Chores.debug.xcconfig */;
			buildSettings = {
				ASSETCATALOG_COMPILER_APPICON_NAME = AppIcon;
				CODE_SIGN_STYLE = Automatic;
				DEVELOPMENT_TEAM = FT544A278F;
				INFOPLIST_FILE = Paid4Chores/Info.plist;
				LD_RUNPATH_SEARCH_PATHS = (
					"$(inherited)",
					"@executable_path/Frameworks",
				);
				PRODUCT_BUNDLE_IDENTIFIER = com.devjm.Paid4Chores;
				PRODUCT_NAME = "$(TARGET_NAME)";
				SWIFT_VERSION = 4.0;
				TARGETED_DEVICE_FAMILY = "1,2";
			};
			name = Debug;
		};
		9659A673207E8838004948A1 /* Release */ = {
			isa = XCBuildConfiguration;
			baseConfigurationReference = C2D72049AFB02B215A0D4F5F /* Pods-Paid4Chores.release.xcconfig */;
			buildSettings = {
				ASSETCATALOG_COMPILER_APPICON_NAME = AppIcon;
				CODE_SIGN_STYLE = Automatic;
				DEVELOPMENT_TEAM = FT544A278F;
				INFOPLIST_FILE = Paid4Chores/Info.plist;
				LD_RUNPATH_SEARCH_PATHS = (
					"$(inherited)",
					"@executable_path/Frameworks",
				);
				PRODUCT_BUNDLE_IDENTIFIER = com.devjm.Paid4Chores;
				PRODUCT_NAME = "$(TARGET_NAME)";
				SWIFT_VERSION = 4.0;
				TARGETED_DEVICE_FAMILY = "1,2";
			};
			name = Release;
		};
/* End XCBuildConfiguration section */

/* Begin XCConfigurationList section */
		9659A65A207E8837004948A1 /* Build configuration list for PBXProject "Paid4Chores" */ = {
			isa = XCConfigurationList;
			buildConfigurations = (
				9659A66F207E8838004948A1 /* Debug */,
				9659A670207E8838004948A1 /* Release */,
			);
			defaultConfigurationIsVisible = 0;
			defaultConfigurationName = Release;
		};
		9659A671207E8838004948A1 /* Build configuration list for PBXNativeTarget "Paid4Chores" */ = {
			isa = XCConfigurationList;
			buildConfigurations = (
				9659A672207E8838004948A1 /* Debug */,
				9659A673207E8838004948A1 /* Release */,
			);
			defaultConfigurationIsVisible = 0;
			defaultConfigurationName = Release;
		};
/* End XCConfigurationList section */
	};
	rootObject = 9659A657207E8837004948A1 /* Project object */;
}
